// !$*UTF8*$!
{
	archiveVersion = 1;
	classes = {
	};
	objectVersion = 55;
	objects = {

/* Begin PBXBuildFile section */
		9105B9F7270915E000FC87CD /* DummeyPlaces.swift in Sources */ = {isa = PBXBuildFile; fileRef = 9105B9F6270915E000FC87CD /* DummeyPlaces.swift */; };
		9105B9F92709163500FC87CD /* DummeyData.swift in Sources */ = {isa = PBXBuildFile; fileRef = 9105B9F82709163500FC87CD /* DummeyData.swift */; };
		9105B9FD27091A4C00FC87CD /* PlaceCell.swift in Sources */ = {isa = PBXBuildFile; fileRef = 9105B9FB27091A4C00FC87CD /* PlaceCell.swift */; };
		9105B9FE27091A4C00FC87CD /* PlaceCell.xib in Resources */ = {isa = PBXBuildFile; fileRef = 9105B9FC27091A4C00FC87CD /* PlaceCell.xib */; };
		9105BA022709213900FC87CD /* nanopb.xcframework in Frameworks */ = {isa = PBXBuildFile; fileRef = 9105B9FF2709213900FC87CD /* nanopb.xcframework */; };
		9105BA032709213900FC87CD /* UserMessagingPlatform.xcframework in Frameworks */ = {isa = PBXBuildFile; fileRef = 9105BA002709213900FC87CD /* UserMessagingPlatform.xcframework */; };
		9105BA042709213900FC87CD /* PromisesObjC.xcframework in Frameworks */ = {isa = PBXBuildFile; fileRef = 9105BA012709213900FC87CD /* PromisesObjC.xcframework */; };
		9105BA082709214500FC87CD /* GoogleAppMeasurement.xcframework in Frameworks */ = {isa = PBXBuildFile; fileRef = 9105BA052709214500FC87CD /* GoogleAppMeasurement.xcframework */; };
		9105BA092709214500FC87CD /* GoogleUtilities.xcframework in Frameworks */ = {isa = PBXBuildFile; fileRef = 9105BA062709214500FC87CD /* GoogleUtilities.xcframework */; };
		9105BA0A2709214500FC87CD /* GoogleMobileAds.xcframework in Frameworks */ = {isa = PBXBuildFile; fileRef = 9105BA072709214500FC87CD /* GoogleMobileAds.xcframework */; };
		91A5A0C52708B5F6005DF063 /* AppDelegate.swift in Sources */ = {isa = PBXBuildFile; fileRef = 91A5A0C42708B5F6005DF063 /* AppDelegate.swift */; };
		91A5A0CE2708B600005DF063 /* Assets.xcassets in Resources */ = {isa = PBXBuildFile; fileRef = 91A5A0CD2708B600005DF063 /* Assets.xcassets */; };
		91A5A0D12708B600005DF063 /* LaunchScreen.storyboard in Resources */ = {isa = PBXBuildFile; fileRef = 91A5A0CF2708B600005DF063 /* LaunchScreen.storyboard */; };
		91A5A0DF2708B7AA005DF063 /* MapVC.swift in Sources */ = {isa = PBXBuildFile; fileRef = 91A5A0DD2708B7AA005DF063 /* MapVC.swift */; };
		91A5A0E02708B7AA005DF063 /* MapVC.xib in Resources */ = {isa = PBXBuildFile; fileRef = 91A5A0DE2708B7AA005DF063 /* MapVC.xib */; };
		91A5A0E32708B990005DF063 /* MapViewModel.swift in Sources */ = {isa = PBXBuildFile; fileRef = 91A5A0E22708B990005DF063 /* MapViewModel.swift */; };
		91A5A0E52708BAE6005DF063 /* Constant.swift in Sources */ = {isa = PBXBuildFile; fileRef = 91A5A0E42708BAE6005DF063 /* Constant.swift */; };
		91A5A0EF2708F360005DF063 /* TargetType.swift in Sources */ = {isa = PBXBuildFile; fileRef = 91A5A0EC2708F360005DF063 /* TargetType.swift */; };
		91A5A0F02708F360005DF063 /* BaseAPI.swift in Sources */ = {isa = PBXBuildFile; fileRef = 91A5A0ED2708F360005DF063 /* BaseAPI.swift */; };
		91A5A0F12708F360005DF063 /* CustomIntercepter.swift in Sources */ = {isa = PBXBuildFile; fileRef = 91A5A0EE2708F360005DF063 /* CustomIntercepter.swift */; };
		91A5A0F42708F3EE005DF063 /* PlaceNetwork.swift in Sources */ = {isa = PBXBuildFile; fileRef = 91A5A0F32708F3EE005DF063 /* PlaceNetwork.swift */; };
		91A5A0F62708F41D005DF063 /* NearbyRestaurant.swift in Sources */ = {isa = PBXBuildFile; fileRef = 91A5A0F52708F41D005DF063 /* NearbyRestaurant.swift */; };
		91A5A0F82708F5AA005DF063 /* Place.swift in Sources */ = {isa = PBXBuildFile; fileRef = 91A5A0F72708F5AA005DF063 /* Place.swift */; };
		91A5A0FA2708FF51005DF063 /* PlaceMarker.swift in Sources */ = {isa = PBXBuildFile; fileRef = 91A5A0F92708FF51005DF063 /* PlaceMarker.swift */; };
		91A5A0FD27090A9E005DF063 /* Route.swift in Sources */ = {isa = PBXBuildFile; fileRef = 91A5A0FC27090A9D005DF063 /* Route.swift */; };
		91A5A0FF27090B37005DF063 /* RoutesNetwork.swift in Sources */ = {isa = PBXBuildFile; fileRef = 91A5A0FE27090B37005DF063 /* RoutesNetwork.swift */; };
		B7266D31683A66BC416B0A2B /* Pods_NearbyRestaurant.framework in Frameworks */ = {isa = PBXBuildFile; fileRef = 6305875517641FAA3164C01C /* Pods_NearbyRestaurant.framework */; };
/* End PBXBuildFile section */

/* Begin PBXFileReference section */
		6305875517641FAA3164C01C /* Pods_NearbyRestaurant.framework */ = {isa = PBXFileReference; explicitFileType = wrapper.framework; includeInIndex = 0; path = Pods_NearbyRestaurant.framework; sourceTree = BUILT_PRODUCTS_DIR; };
		860ADB8966CB7D3A5364FE78 /* Pods-NearbyRestaurant.release.xcconfig */ = {isa = PBXFileReference; includeInIndex = 1; lastKnownFileType = text.xcconfig; name = "Pods-NearbyRestaurant.release.xcconfig"; path = "Target Support Files/Pods-NearbyRestaurant/Pods-NearbyRestaurant.release.xcconfig"; sourceTree = "<group>"; };
		9105B9F6270915E000FC87CD /* DummeyPlaces.swift */ = {isa = PBXFileReference; lastKnownFileType = sourcecode.swift; path = DummeyPlaces.swift; sourceTree = "<group>"; };
		9105B9F82709163500FC87CD /* DummeyData.swift */ = {isa = PBXFileReference; lastKnownFileType = sourcecode.swift; path = DummeyData.swift; sourceTree = "<group>"; };
		9105B9FB27091A4C00FC87CD /* PlaceCell.swift */ = {isa = PBXFileReference; lastKnownFileType = sourcecode.swift; path = PlaceCell.swift; sourceTree = "<group>"; };
		9105B9FC27091A4C00FC87CD /* PlaceCell.xib */ = {isa = PBXFileReference; lastKnownFileType = file.xib; path = PlaceCell.xib; sourceTree = "<group>"; };
		9105B9FF2709213900FC87CD /* nanopb.xcframework */ = {isa = PBXFileReference; lastKnownFileType = wrapper.xcframework; name = nanopb.xcframework; path = "../../../Downloads/GoogleMobileAdsSdkiOS-8.11.0/nanopb.xcframework"; sourceTree = "<group>"; };
		9105BA002709213900FC87CD /* UserMessagingPlatform.xcframework */ = {isa = PBXFileReference; lastKnownFileType = wrapper.xcframework; name = UserMessagingPlatform.xcframework; path = "../../../Downloads/GoogleMobileAdsSdkiOS-8.11.0/UserMessagingPlatform.xcframework"; sourceTree = "<group>"; };
		9105BA012709213900FC87CD /* PromisesObjC.xcframework */ = {isa = PBXFileReference; lastKnownFileType = wrapper.xcframework; name = PromisesObjC.xcframework; path = "../../../Downloads/GoogleMobileAdsSdkiOS-8.11.0/PromisesObjC.xcframework"; sourceTree = "<group>"; };
		9105BA052709214500FC87CD /* GoogleAppMeasurement.xcframework */ = {isa = PBXFileReference; lastKnownFileType = wrapper.xcframework; name = GoogleAppMeasurement.xcframework; path = "../../../Downloads/GoogleMobileAdsSdkiOS-8.11.0/GoogleAppMeasurement.xcframework"; sourceTree = "<group>"; };
		9105BA062709214500FC87CD /* GoogleUtilities.xcframework */ = {isa = PBXFileReference; lastKnownFileType = wrapper.xcframework; name = GoogleUtilities.xcframework; path = "../../../Downloads/GoogleMobileAdsSdkiOS-8.11.0/GoogleUtilities.xcframework"; sourceTree = "<group>"; };
		9105BA072709214500FC87CD /* GoogleMobileAds.xcframework */ = {isa = PBXFileReference; lastKnownFileType = wrapper.xcframework; name = GoogleMobileAds.xcframework; path = "../../../Downloads/GoogleMobileAdsSdkiOS-8.11.0/GoogleMobileAds.xcframework"; sourceTree = "<group>"; };
		91A5A0C12708B5F6005DF063 /* NearbyRestaurant.app */ = {isa = PBXFileReference; explicitFileType = wrapper.application; includeInIndex = 0; path = NearbyRestaurant.app; sourceTree = BUILT_PRODUCTS_DIR; };
		91A5A0C42708B5F6005DF063 /* AppDelegate.swift */ = {isa = PBXFileReference; lastKnownFileType = sourcecode.swift; path = AppDelegate.swift; sourceTree = "<group>"; };
		91A5A0CD2708B600005DF063 /* Assets.xcassets */ = {isa = PBXFileReference; lastKnownFileType = folder.assetcatalog; path = Assets.xcassets; sourceTree = "<group>"; };
		91A5A0D02708B600005DF063 /* Base */ = {isa = PBXFileReference; lastKnownFileType = file.storyboard; name = Base; path = Base.lproj/LaunchScreen.storyboard; sourceTree = "<group>"; };
		91A5A0D22708B600005DF063 /* Info.plist */ = {isa = PBXFileReference; lastKnownFileType = text.plist.xml; path = Info.plist; sourceTree = "<group>"; };
		91A5A0DD2708B7AA005DF063 /* MapVC.swift */ = {isa = PBXFileReference; lastKnownFileType = sourcecode.swift; path = MapVC.swift; sourceTree = "<group>"; };
		91A5A0DE2708B7AA005DF063 /* MapVC.xib */ = {isa = PBXFileReference; lastKnownFileType = file.xib; path = MapVC.xib; sourceTree = "<group>"; };
		91A5A0E22708B990005DF063 /* MapViewModel.swift */ = {isa = PBXFileReference; lastKnownFileType = sourcecode.swift; path = MapViewModel.swift; sourceTree = "<group>"; };
		91A5A0E42708BAE6005DF063 /* Constant.swift */ = {isa = PBXFileReference; lastKnownFileType = sourcecode.swift; path = Constant.swift; sourceTree = "<group>"; };
		91A5A0EC2708F360005DF063 /* TargetType.swift */ = {isa = PBXFileReference; fileEncoding = 4; lastKnownFileType = sourcecode.swift; path = TargetType.swift; sourceTree = "<group>"; };
		91A5A0ED2708F360005DF063 /* BaseAPI.swift */ = {isa = PBXFileReference; fileEncoding = 4; lastKnownFileType = sourcecode.swift; path = BaseAPI.swift; sourceTree = "<group>"; };
		91A5A0EE2708F360005DF063 /* CustomIntercepter.swift */ = {isa = PBXFileReference; fileEncoding = 4; lastKnownFileType = sourcecode.swift; path = CustomIntercepter.swift; sourceTree = "<group>"; };
		91A5A0F32708F3EE005DF063 /* PlaceNetwork.swift */ = {isa = PBXFileReference; lastKnownFileType = sourcecode.swift; path = PlaceNetwork.swift; sourceTree = "<group>"; };
		91A5A0F52708F41D005DF063 /* NearbyRestaurant.swift */ = {isa = PBXFileReference; lastKnownFileType = sourcecode.swift; path = NearbyRestaurant.swift; sourceTree = "<group>"; };
		91A5A0F72708F5AA005DF063 /* Place.swift */ = {isa = PBXFileReference; lastKnownFileType = sourcecode.swift; path = Place.swift; sourceTree = "<group>"; };
		91A5A0F92708FF51005DF063 /* PlaceMarker.swift */ = {isa = PBXFileReference; lastKnownFileType = sourcecode.swift; path = PlaceMarker.swift; sourceTree = "<group>"; };
		91A5A0FC27090A9D005DF063 /* Route.swift */ = {isa = PBXFileReference; lastKnownFileType = sourcecode.swift; path = Route.swift; sourceTree = "<group>"; };
		91A5A0FE27090B37005DF063 /* RoutesNetwork.swift */ = {isa = PBXFileReference; lastKnownFileType = sourcecode.swift; path = RoutesNetwork.swift; sourceTree = "<group>"; };
		AAD513D9939B7901D516D7A5 /* Pods-NearbyRestaurant.debug.xcconfig */ = {isa = PBXFileReference; includeInIndex = 1; lastKnownFileType = text.xcconfig; name = "Pods-NearbyRestaurant.debug.xcconfig"; path = "Target Support Files/Pods-NearbyRestaurant/Pods-NearbyRestaurant.debug.xcconfig"; sourceTree = "<group>"; };
/* End PBXFileReference section */

/* Begin PBXFrameworksBuildPhase section */
		91A5A0BE2708B5F6005DF063 /* Frameworks */ = {
			isa = PBXFrameworksBuildPhase;
			buildActionMask = 2147483647;
			files = (
				9105BA082709214500FC87CD /* GoogleAppMeasurement.xcframework in Frameworks */,
				9105BA092709214500FC87CD /* GoogleUtilities.xcframework in Frameworks */,
				9105BA0A2709214500FC87CD /* GoogleMobileAds.xcframework in Frameworks */,
				9105BA022709213900FC87CD /* nanopb.xcframework in Frameworks */,
				9105BA032709213900FC87CD /* UserMessagingPlatform.xcframework in Frameworks */,
				9105BA042709213900FC87CD /* PromisesObjC.xcframework in Frameworks */,
				B7266D31683A66BC416B0A2B /* Pods_NearbyRestaurant.framework in Frameworks */,
			);
			runOnlyForDeploymentPostprocessing = 0;
		};
/* End PBXFrameworksBuildPhase section */

/* Begin PBXGroup section */
		3BF02378D05AF3AD4DFD65BE /* Pods */ = {
			isa = PBXGroup;
			children = (
				AAD513D9939B7901D516D7A5 /* Pods-NearbyRestaurant.debug.xcconfig */,
				860ADB8966CB7D3A5364FE78 /* Pods-NearbyRestaurant.release.xcconfig */,
			);
			path = Pods;
			sourceTree = "<group>";
		};
		9105B9FA27091A3500FC87CD /* TableViewCells */ = {
			isa = PBXGroup;
			children = (
				9105B9FB27091A4C00FC87CD /* PlaceCell.swift */,
				9105B9FC27091A4C00FC87CD /* PlaceCell.xib */,
			);
			path = TableViewCells;
			sourceTree = "<group>";
		};
		91A5A0B82708B5F6005DF063 = {
			isa = PBXGroup;
			children = (
				91A5A0C32708B5F6005DF063 /* NearbyRestaurant */,
				91A5A0C22708B5F6005DF063 /* Products */,
				3BF02378D05AF3AD4DFD65BE /* Pods */,
				F7046676A45AD1ADF38761F6 /* Frameworks */,
			);
			sourceTree = "<group>";
		};
		91A5A0C22708B5F6005DF063 /* Products */ = {
			isa = PBXGroup;
			children = (
				91A5A0C12708B5F6005DF063 /* NearbyRestaurant.app */,
			);
			name = Products;
			sourceTree = "<group>";
		};
		91A5A0C32708B5F6005DF063 /* NearbyRestaurant */ = {
			isa = PBXGroup;
			children = (
				91A5A0DB2708B76C005DF063 /* Core */,
				91A5A0E12708B800005DF063 /* Model */,
				91A5A0DA2708B762005DF063 /* Scenes */,
				91A5A0E62708F218005DF063 /* Services */,
				91A5A0D92708B741005DF063 /* Constant */,
				91A5A0D82708B738005DF063 /* Resources */,
				91A5A0D22708B600005DF063 /* Info.plist */,
			);
			path = NearbyRestaurant;
			sourceTree = "<group>";
		};
		91A5A0D82708B738005DF063 /* Resources */ = {
			isa = PBXGroup;
			children = (
				91A5A0CF2708B600005DF063 /* LaunchScreen.storyboard */,
				91A5A0CD2708B600005DF063 /* Assets.xcassets */,
			);
			path = Resources;
			sourceTree = "<group>";
		};
		91A5A0D92708B741005DF063 /* Constant */ = {
			isa = PBXGroup;
			children = (
				91A5A0E42708BAE6005DF063 /* Constant.swift */,
			);
			path = Constant;
			sourceTree = "<group>";
		};
		91A5A0DA2708B762005DF063 /* Scenes */ = {
			isa = PBXGroup;
			children = (
				91A5A0DC2708B786005DF063 /* Map */,
			);
			path = Scenes;
			sourceTree = "<group>";
		};
		91A5A0DB2708B76C005DF063 /* Core */ = {
			isa = PBXGroup;
			children = (
				91A5A0C42708B5F6005DF063 /* AppDelegate.swift */,
			);
			path = Core;
			sourceTree = "<group>";
		};
		91A5A0DC2708B786005DF063 /* Map */ = {
			isa = PBXGroup;
			children = (
				9105B9FA27091A3500FC87CD /* TableViewCells */,
				91A5A0E22708B990005DF063 /* MapViewModel.swift */,
				91A5A0DD2708B7AA005DF063 /* MapVC.swift */,
				91A5A0DE2708B7AA005DF063 /* MapVC.xib */,
			);
			path = Map;
			sourceTree = "<group>";
		};
		91A5A0E12708B800005DF063 /* Model */ = {
			isa = PBXGroup;
			children = (
				91A5A0F72708F5AA005DF063 /* Place.swift */,
				91A5A0F92708FF51005DF063 /* PlaceMarker.swift */,
				91A5A0FC27090A9D005DF063 /* Route.swift */,
				9105B9F6270915E000FC87CD /* DummeyPlaces.swift */,
			);
			path = Model;
			sourceTree = "<group>";
		};
		91A5A0E62708F218005DF063 /* Services */ = {
			isa = PBXGroup;
			children = (
				91A5A0EA2708F28E005DF063 /* Network */,
			);
			path = Services;
			sourceTree = "<group>";
		};
		91A5A0EA2708F28E005DF063 /* Network */ = {
			isa = PBXGroup;
			children = (
				91A5A0F22708F3D8005DF063 /* Places */,
				91A5A0EB2708F360005DF063 /* Base */,
			);
			path = Network;
			sourceTree = "<group>";
		};
		91A5A0EB2708F360005DF063 /* Base */ = {
			isa = PBXGroup;
			children = (
				91A5A0EC2708F360005DF063 /* TargetType.swift */,
				91A5A0ED2708F360005DF063 /* BaseAPI.swift */,
				91A5A0EE2708F360005DF063 /* CustomIntercepter.swift */,
			);
			path = Base;
			sourceTree = "<group>";
		};
		91A5A0F22708F3D8005DF063 /* Places */ = {
			isa = PBXGroup;
			children = (
				91A5A0F32708F3EE005DF063 /* PlaceNetwork.swift */,
				91A5A0F52708F41D005DF063 /* NearbyRestaurant.swift */,
				91A5A0FE27090B37005DF063 /* RoutesNetwork.swift */,
				9105B9F82709163500FC87CD /* DummeyData.swift */,
			);
			path = Places;
			sourceTree = "<group>";
		};
		F7046676A45AD1ADF38761F6 /* Frameworks */ = {
			isa = PBXGroup;
			children = (
				9105BA052709214500FC87CD /* GoogleAppMeasurement.xcframework */,
				9105BA072709214500FC87CD /* GoogleMobileAds.xcframework */,
				9105BA062709214500FC87CD /* GoogleUtilities.xcframework */,
				9105B9FF2709213900FC87CD /* nanopb.xcframework */,
				9105BA012709213900FC87CD /* PromisesObjC.xcframework */,
				9105BA002709213900FC87CD /* UserMessagingPlatform.xcframework */,
				6305875517641FAA3164C01C /* Pods_NearbyRestaurant.framework */,
			);
			name = Frameworks;
			sourceTree = "<group>";
		};
/* End PBXGroup section */

/* Begin PBXNativeTarget section */
		91A5A0C02708B5F6005DF063 /* NearbyRestaurant */ = {
			isa = PBXNativeTarget;
			buildConfigurationList = 91A5A0D52708B600005DF063 /* Build configuration list for PBXNativeTarget "NearbyRestaurant" */;
			buildPhases = (
				C6BB9D6F772A54BFD7B74677 /* [CP] Check Pods Manifest.lock */,
				91A5A0BD2708B5F6005DF063 /* Sources */,
				91A5A0BE2708B5F6005DF063 /* Frameworks */,
				91A5A0BF2708B5F6005DF063 /* Resources */,
				EB5B5C5174A03C576679D61A /* [CP] Copy Pods Resources */,
				821A389FDAAE06F5044D03E5 /* [CP] Embed Pods Frameworks */,
			);
			buildRules = (
			);
			dependencies = (
			);
			name = NearbyRestaurant;
			productName = NearbyRestaurant;
			productReference = 91A5A0C12708B5F6005DF063 /* NearbyRestaurant.app */;
			productType = "com.apple.product-type.application";
		};
/* End PBXNativeTarget section */

/* Begin PBXProject section */
		91A5A0B92708B5F6005DF063 /* Project object */ = {
			isa = PBXProject;
			attributes = {
				BuildIndependentTargetsInParallel = 1;
				LastSwiftUpdateCheck = 1300;
				LastUpgradeCheck = 1300;
				TargetAttributes = {
					91A5A0C02708B5F6005DF063 = {
						CreatedOnToolsVersion = 13.0;
					};
				};
			};
			buildConfigurationList = 91A5A0BC2708B5F6005DF063 /* Build configuration list for PBXProject "NearbyRestaurant" */;
			compatibilityVersion = "Xcode 13.0";
			developmentRegion = en;
			hasScannedForEncodings = 0;
			knownRegions = (
				en,
				Base,
			);
			mainGroup = 91A5A0B82708B5F6005DF063;
			productRefGroup = 91A5A0C22708B5F6005DF063 /* Products */;
			projectDirPath = "";
			projectRoot = "";
			targets = (
				91A5A0C02708B5F6005DF063 /* NearbyRestaurant */,
			);
		};
/* End PBXProject section */

/* Begin PBXResourcesBuildPhase section */
		91A5A0BF2708B5F6005DF063 /* Resources */ = {
			isa = PBXResourcesBuildPhase;
			buildActionMask = 2147483647;
			files = (
				91A5A0D12708B600005DF063 /* LaunchScreen.storyboard in Resources */,
				91A5A0E02708B7AA005DF063 /* MapVC.xib in Resources */,
				91A5A0CE2708B600005DF063 /* Assets.xcassets in Resources */,
				9105B9FE27091A4C00FC87CD /* PlaceCell.xib in Resources */,
			);
			runOnlyForDeploymentPostprocessing = 0;
		};
/* End PBXResourcesBuildPhase section */

/* Begin PBXShellScriptBuildPhase section */
		821A389FDAAE06F5044D03E5 /* [CP] Embed Pods Frameworks */ = {
			isa = PBXShellScriptBuildPhase;
			buildActionMask = 2147483647;
			files = (
			);
			inputFileListPaths = (
				"${PODS_ROOT}/Target Support Files/Pods-NearbyRestaurant/Pods-NearbyRestaurant-frameworks-${CONFIGURATION}-input-files.xcfilelist",
			);
			name = "[CP] Embed Pods Frameworks";
			outputFileListPaths = (
				"${PODS_ROOT}/Target Support Files/Pods-NearbyRestaurant/Pods-NearbyRestaurant-frameworks-${CONFIGURATION}-output-files.xcfilelist",
			);
			runOnlyForDeploymentPostprocessing = 0;
			shellPath = /bin/sh;
			shellScript = "\"${PODS_ROOT}/Target Support Files/Pods-NearbyRestaurant/Pods-NearbyRestaurant-frameworks.sh\"\n";
			showEnvVarsInLog = 0;
		};
		C6BB9D6F772A54BFD7B74677 /* [CP] Check Pods Manifest.lock */ = {
			isa = PBXShellScriptBuildPhase;
			buildActionMask = 2147483647;
			files = (
			);
			inputFileListPaths = (
			);
			inputPaths = (
				"${PODS_PODFILE_DIR_PATH}/Podfile.lock",
				"${PODS_ROOT}/Manifest.lock",
			);
			name = "[CP] Check Pods Manifest.lock";
			outputFileListPaths = (
			);
			outputPaths = (
				"$(DERIVED_FILE_DIR)/Pods-NearbyRestaurant-checkManifestLockResult.txt",
			);
			runOnlyForDeploymentPostprocessing = 0;
			shellPath = /bin/sh;
			shellScript = "diff \"${PODS_PODFILE_DIR_PATH}/Podfile.lock\" \"${PODS_ROOT}/Manifest.lock\" > /dev/null\nif [ $? != 0 ] ; then\n    # print error to STDERR\n    echo \"error: The sandbox is not in sync with the Podfile.lock. Run 'pod install' or update your CocoaPods installation.\" >&2\n    exit 1\nfi\n# This output is used by Xcode 'outputs' to avoid re-running this script phase.\necho \"SUCCESS\" > \"${SCRIPT_OUTPUT_FILE_0}\"\n";
			showEnvVarsInLog = 0;
		};
		EB5B5C5174A03C576679D61A /* [CP] Copy Pods Resources */ = {
			isa = PBXShellScriptBuildPhase;
			buildActionMask = 2147483647;
			files = (
			);
			inputFileListPaths = (
				"${PODS_ROOT}/Target Support Files/Pods-NearbyRestaurant/Pods-NearbyRestaurant-resources-${CONFIGURATION}-input-files.xcfilelist",
			);
			name = "[CP] Copy Pods Resources";
			outputFileListPaths = (
				"${PODS_ROOT}/Target Support Files/Pods-NearbyRestaurant/Pods-NearbyRestaurant-resources-${CONFIGURATION}-output-files.xcfilelist",
			);
			runOnlyForDeploymentPostprocessing = 0;
			shellPath = /bin/sh;
			shellScript = "\"${PODS_ROOT}/Target Support Files/Pods-NearbyRestaurant/Pods-NearbyRestaurant-resources.sh\"\n";
			showEnvVarsInLog = 0;
		};
/* End PBXShellScriptBuildPhase section */

/* Begin PBXSourcesBuildPhase section */
		91A5A0BD2708B5F6005DF063 /* Sources */ = {
			isa = PBXSourcesBuildPhase;
			buildActionMask = 2147483647;
			files = (
				9105B9F7270915E000FC87CD /* DummeyPlaces.swift in Sources */,
				91A5A0EF2708F360005DF063 /* TargetType.swift in Sources */,
				91A5A0DF2708B7AA005DF063 /* MapVC.swift in Sources */,
				91A5A0F12708F360005DF063 /* CustomIntercepter.swift in Sources */,
				91A5A0FA2708FF51005DF063 /* PlaceMarker.swift in Sources */,
				91A5A0F42708F3EE005DF063 /* PlaceNetwork.swift in Sources */,
				91A5A0C52708B5F6005DF063 /* AppDelegate.swift in Sources */,
				91A5A0F62708F41D005DF063 /* NearbyRestaurant.swift in Sources */,
				91A5A0E32708B990005DF063 /* MapViewModel.swift in Sources */,
				9105B9F92709163500FC87CD /* DummeyData.swift in Sources */,
				91A5A0FF27090B37005DF063 /* RoutesNetwork.swift in Sources */,
				91A5A0E52708BAE6005DF063 /* Constant.swift in Sources */,
				91A5A0FD27090A9E005DF063 /* Route.swift in Sources */,
				91A5A0F82708F5AA005DF063 /* Place.swift in Sources */,
				91A5A0F02708F360005DF063 /* BaseAPI.swift in Sources */,
				9105B9FD27091A4C00FC87CD /* PlaceCell.swift in Sources */,
			);
			runOnlyForDeploymentPostprocessing = 0;
		};
/* End PBXSourcesBuildPhase section */

/* Begin PBXVariantGroup section */
		91A5A0CF2708B600005DF063 /* LaunchScreen.storyboard */ = {
			isa = PBXVariantGroup;
			children = (
				91A5A0D02708B600005DF063 /* Base */,
			);
			name = LaunchScreen.storyboard;
			sourceTree = "<group>";
		};
/* End PBXVariantGroup section */

/* Begin XCBuildConfiguration section */
		91A5A0D32708B600005DF063 /* Debug */ = {
			isa = XCBuildConfiguration;
			buildSettings = {
				ALWAYS_SEARCH_USER_PATHS = NO;
				CLANG_ANALYZER_NONNULL = YES;
				CLANG_ANALYZER_NUMBER_OBJECT_CONVERSION = YES_AGGRESSIVE;
				CLANG_CXX_LANGUAGE_STANDARD = "gnu++17";
				CLANG_CXX_LIBRARY = "libc++";
				CLANG_ENABLE_MODULES = YES;
				CLANG_ENABLE_OBJC_ARC = YES;
				CLANG_ENABLE_OBJC_WEAK = YES;
				CLANG_WARN_BLOCK_CAPTURE_AUTORELEASING = YES;
				CLANG_WARN_BOOL_CONVERSION = YES;
				CLANG_WARN_COMMA = YES;
				CLANG_WARN_CONSTANT_CONVERSION = YES;
				CLANG_WARN_DEPRECATED_OBJC_IMPLEMENTATIONS = YES;
				CLANG_WARN_DIRECT_OBJC_ISA_USAGE = YES_ERROR;
				CLANG_WARN_DOCUMENTATION_COMMENTS = YES;
				CLANG_WARN_EMPTY_BODY = YES;
				CLANG_WARN_ENUM_CONVERSION = YES;
				CLANG_WARN_INFINITE_RECURSION = YES;
				CLANG_WARN_INT_CONVERSION = YES;
				CLANG_WARN_NON_LITERAL_NULL_CONVERSION = YES;
				CLANG_WARN_OBJC_IMPLICIT_RETAIN_SELF = YES;
				CLANG_WARN_OBJC_LITERAL_CONVERSION = YES;
				CLANG_WARN_OBJC_ROOT_CLASS = YES_ERROR;
				CLANG_WARN_QUOTED_INCLUDE_IN_FRAMEWORK_HEADER = YES;
				CLANG_WARN_RANGE_LOOP_ANALYSIS = YES;
				CLANG_WARN_STRICT_PROTOTYPES = YES;
				CLANG_WARN_SUSPICIOUS_MOVE = YES;
				CLANG_WARN_UNGUARDED_AVAILABILITY = YES_AGGRESSIVE;
				CLANG_WARN_UNREACHABLE_CODE = YES;
				CLANG_WARN__DUPLICATE_METHOD_MATCH = YES;
				COPY_PHASE_STRIP = NO;
				DEBUG_INFORMATION_FORMAT = dwarf;
				ENABLE_STRICT_OBJC_MSGSEND = YES;
				ENABLE_TESTABILITY = YES;
				GCC_C_LANGUAGE_STANDARD = gnu11;
				GCC_DYNAMIC_NO_PIC = NO;
				GCC_NO_COMMON_BLOCKS = YES;
				GCC_OPTIMIZATION_LEVEL = 0;
				GCC_PREPROCESSOR_DEFINITIONS = (
					"DEBUG=1",
					"$(inherited)",
				);
				GCC_WARN_64_TO_32_BIT_CONVERSION = YES;
				GCC_WARN_ABOUT_RETURN_TYPE = YES_ERROR;
				GCC_WARN_UNDECLARED_SELECTOR = YES;
				GCC_WARN_UNINITIALIZED_AUTOS = YES_AGGRESSIVE;
				GCC_WARN_UNUSED_FUNCTION = YES;
				GCC_WARN_UNUSED_VARIABLE = YES;
				IPHONEOS_DEPLOYMENT_TARGET = 15.0;
				MTL_ENABLE_DEBUG_INFO = INCLUDE_SOURCE;
				MTL_FAST_MATH = YES;
				ONLY_ACTIVE_ARCH = YES;
				OTHER_LDFLAGS = "-ObjC";
				SDKROOT = iphoneos;
				SWIFT_ACTIVE_COMPILATION_CONDITIONS = DEBUG;
				SWIFT_OPTIMIZATION_LEVEL = "-Onone";
			};
			name = Debug;
		};
		91A5A0D42708B600005DF063 /* Release */ = {
			isa = XCBuildConfiguration;
			buildSettings = {
				ALWAYS_SEARCH_USER_PATHS = NO;
				CLANG_ANALYZER_NONNULL = YES;
				CLANG_ANALYZER_NUMBER_OBJECT_CONVERSION = YES_AGGRESSIVE;
				CLANG_CXX_LANGUAGE_STANDARD = "gnu++17";
				CLANG_CXX_LIBRARY = "libc++";
				CLANG_ENABLE_MODULES = YES;
				CLANG_ENABLE_OBJC_ARC = YES;
				CLANG_ENABLE_OBJC_WEAK = YES;
				CLANG_WARN_BLOCK_CAPTURE_AUTORELEASING = YES;
				CLANG_WARN_BOOL_CONVERSION = YES;
				CLANG_WARN_COMMA = YES;
				CLANG_WARN_CONSTANT_CONVERSION = YES;
				CLANG_WARN_DEPRECATED_OBJC_IMPLEMENTATIONS = YES;
				CLANG_WARN_DIRECT_OBJC_ISA_USAGE = YES_ERROR;
				CLANG_WARN_DOCUMENTATION_COMMENTS = YES;
				CLANG_WARN_EMPTY_BODY = YES;
				CLANG_WARN_ENUM_CONVERSION = YES;
				CLANG_WARN_INFINITE_RECURSION = YES;
				CLANG_WARN_INT_CONVERSION = YES;
				CLANG_WARN_NON_LITERAL_NULL_CONVERSION = YES;
				CLANG_WARN_OBJC_IMPLICIT_RETAIN_SELF = YES;
				CLANG_WARN_OBJC_LITERAL_CONVERSION = YES;
				CLANG_WARN_OBJC_ROOT_CLASS = YES_ERROR;
				CLANG_WARN_QUOTED_INCLUDE_IN_FRAMEWORK_HEADER = YES;
				CLANG_WARN_RANGE_LOOP_ANALYSIS = YES;
				CLANG_WARN_STRICT_PROTOTYPES = YES;
				CLANG_WARN_SUSPICIOUS_MOVE = YES;
				CLANG_WARN_UNGUARDED_AVAILABILITY = YES_AGGRESSIVE;
				CLANG_WARN_UNREACHABLE_CODE = YES;
				CLANG_WARN__DUPLICATE_METHOD_MATCH = YES;
				COPY_PHASE_STRIP = NO;
				DEBUG_INFORMATION_FORMAT = "dwarf-with-dsym";
				ENABLE_NS_ASSERTIONS = NO;
				ENABLE_STRICT_OBJC_MSGSEND = YES;
				GCC_C_LANGUAGE_STANDARD = gnu11;
				GCC_NO_COMMON_BLOCKS = YES;
				GCC_WARN_64_TO_32_BIT_CONVERSION = YES;
				GCC_WARN_ABOUT_RETURN_TYPE = YES_ERROR;
				GCC_WARN_UNDECLARED_SELECTOR = YES;
				GCC_WARN_UNINITIALIZED_AUTOS = YES_AGGRESSIVE;
				GCC_WARN_UNUSED_FUNCTION = YES;
				GCC_WARN_UNUSED_VARIABLE = YES;
				IPHONEOS_DEPLOYMENT_TARGET = 15.0;
				MTL_ENABLE_DEBUG_INFO = NO;
				MTL_FAST_MATH = YES;
				OTHER_LDFLAGS = "-ObjC";
				SDKROOT = iphoneos;
				SWIFT_COMPILATION_MODE = wholemodule;
				SWIFT_OPTIMIZATION_LEVEL = "-O";
				VALIDATE_PRODUCT = YES;
			};
			name = Release;
		};
		91A5A0D62708B600005DF063 /* Debug */ = {
			isa = XCBuildConfiguration;
			baseConfigurationReference = AAD513D9939B7901D516D7A5 /* Pods-NearbyRestaurant.debug.xcconfig */;
			buildSettings = {
				ASSETCATALOG_COMPILER_APPICON_NAME = AppIcon;
				ASSETCATALOG_COMPILER_GLOBAL_ACCENT_COLOR_NAME = AccentColor;
				CODE_SIGN_STYLE = Automatic;
				CURRENT_PROJECT_VERSION = 1;
				DEVELOPMENT_TEAM = D4H24PLLCD;
				GENERATE_INFOPLIST_FILE = YES;
				INFOPLIST_FILE = NearbyRestaurant/Info.plist;
				INFOPLIST_KEY_UIApplicationSupportsIndirectInputEvents = YES;
				INFOPLIST_KEY_UILaunchStoryboardName = LaunchScreen;
				INFOPLIST_KEY_UISupportedInterfaceOrientations_iPad = "UIInterfaceOrientationPortrait UIInterfaceOrientationPortraitUpsideDown UIInterfaceOrientationLandscapeLeft UIInterfaceOrientationLandscapeRight";
				INFOPLIST_KEY_UISupportedInterfaceOrientations_iPhone = "UIInterfaceOrientationPortrait UIInterfaceOrientationLandscapeLeft UIInterfaceOrientationLandscapeRight";
				IPHONEOS_DEPLOYMENT_TARGET = 11.0;
				LD_RUNPATH_SEARCH_PATHS = (
					"$(inherited)",
					"@executable_path/Frameworks",
				);
				MARKETING_VERSION = 1.0;
				PRODUCT_BUNDLE_IDENTIFIER = Sherbeny96.NearbyRestaurant;
				PRODUCT_NAME = "$(TARGET_NAME)";
				SWIFT_EMIT_LOC_STRINGS = YES;
				SWIFT_VERSION = 5.0;
				TARGETED_DEVICE_FAMILY = "1,2";
			};
			name = Debug;
		};
		91A5A0D72708B600005DF063 /* Release */ = {
			isa = XCBuildConfiguration;
			baseConfigurationReference = 860ADB8966CB7D3A5364FE78 /* Pods-NearbyRestaurant.release.xcconfig */;
			buildSettings = {
				ASSETCATALOG_COMPILER_APPICON_NAME = AppIcon;
				ASSETCATALOG_COMPILER_GLOBAL_ACCENT_COLOR_NAME = AccentColor;
				CODE_SIGN_STYLE = Automatic;
				CURRENT_PROJECT_VERSION = 1;
				DEVELOPMENT_TEAM = D4H24PLLCD;
				GENERATE_INFOPLIST_FILE = YES;
				INFOPLIST_FILE = NearbyRestaurant/Info.plist;
				INFOPLIST_KEY_UIApplicationSupportsIndirectInputEvents = YES;
				INFOPLIST_KEY_UILaunchStoryboardName = LaunchScreen;
				INFOPLIST_KEY_UISupportedInterfaceOrientations_iPad = "UIInterfaceOrientationPortrait UIInterfaceOrientationPortraitUpsideDown UIInterfaceOrientationLandscapeLeft UIInterfaceOrientationLandscapeRight";
				INFOPLIST_KEY_UISupportedInterfaceOrientations_iPhone = "UIInterfaceOrientationPortrait UIInterfaceOrientationLandscapeLeft UIInterfaceOrientationLandscapeRight";
				IPHONEOS_DEPLOYMENT_TARGET = 11.0;
				LD_RUNPATH_SEARCH_PATHS = (
					"$(inherited)",
					"@executable_path/Frameworks",
				);
				MARKETING_VERSION = 1.0;
				PRODUCT_BUNDLE_IDENTIFIER = Sherbeny96.NearbyRestaurant;
				PRODUCT_NAME = "$(TARGET_NAME)";
				SWIFT_EMIT_LOC_STRINGS = YES;
				SWIFT_VERSION = 5.0;
				TARGETED_DEVICE_FAMILY = "1,2";
			};
			name = Release;
		};
/* End XCBuildConfiguration section */

/* Begin XCConfigurationList section */
		91A5A0BC2708B5F6005DF063 /* Build configuration list for PBXProject "NearbyRestaurant" */ = {
			isa = XCConfigurationList;
			buildConfigurations = (
				91A5A0D32708B600005DF063 /* Debug */,
				91A5A0D42708B600005DF063 /* Release */,
			);
			defaultConfigurationIsVisible = 0;
			defaultConfigurationName = Release;
		};
		91A5A0D52708B600005DF063 /* Build configuration list for PBXNativeTarget "NearbyRestaurant" */ = {
			isa = XCConfigurationList;
			buildConfigurations = (
				91A5A0D62708B600005DF063 /* Debug */,
				91A5A0D72708B600005DF063 /* Release */,
			);
			defaultConfigurationIsVisible = 0;
			defaultConfigurationName = Release;
		};
/* End XCConfigurationList section */
	};
	rootObject = 91A5A0B92708B5F6005DF063 /* Project object */;
}
